
Microsoft Visual Studio Solution File, Format Version 12.00
# Visual Studio Version 16
VisualStudioVersion = 16.0.30523.141
MinimumVisualStudioVersion = 10.0.40219.1
Project("{FAE04EC0-301F-11D3-BF4B-00C04F79EFBC}") = "Desktop", "Desktop\Desktop.csproj", "{56700564-5381-4C71-BE47-CFB5FB5B9187}"
EndProject
Project("{FAE04EC0-301F-11D3-BF4B-00C04F79EFBC}") = "DatabaseDBUP", "DatabaseDBUP\DatabaseDBUP.csproj", "{49857D4D-6687-4508-BFF4-8F2CCC763ABF}"
EndProject
Project("{FAE04EC0-301F-11D3-BF4B-00C04F79EFBC}") = "API", "API\API.csproj", "{77D17F74-912A-40D4-9A21-6257714B1E99}"
EndProject
Project("{FAE04EC0-301F-11D3-BF4B-00C04F79EFBC}") = "Web", "Web\Web.csproj", "{3DBD578C-4BC1-400B-AE8D-BE00A11A0F77}"
EndProject
Project("{FAE04EC0-301F-11D3-BF4B-00C04F79EFBC}") = "UnitTestProject1", "UnitTestProject1\UnitTestProject1.csproj", "{DFF26272-885F-42D0-A088-B2454C729F81}"
EndProject
Global
	GlobalSection(SolutionConfigurationPlatforms) = preSolution
		Debug|Any CPU = Debug|Any CPU
		Release|Any CPU = Release|Any CPU
	EndGlobalSection
	GlobalSection(ProjectConfigurationPlatforms) = postSolution
		{56700564-5381-4C71-BE47-CFB5FB5B9187}.Debug|Any CPU.ActiveCfg = Debug|Any CPU
		{56700564-5381-4C71-BE47-CFB5FB5B9187}.Debug|Any CPU.Build.0 = Debug|Any CPU
		{56700564-5381-4C71-BE47-CFB5FB5B9187}.Release|Any CPU.ActiveCfg = Release|Any CPU
		{56700564-5381-4C71-BE47-CFB5FB5B9187}.Release|Any CPU.Build.0 = Release|Any CPU
		{49857D4D-6687-4508-BFF4-8F2CCC763ABF}.Debug|Any CPU.ActiveCfg = Debug|Any CPU
		{49857D4D-6687-4508-BFF4-8F2CCC763ABF}.Debug|Any CPU.Build.0 = Debug|Any CPU
		{49857D4D-6687-4508-BFF4-8F2CCC763ABF}.Release|Any CPU.ActiveCfg = Release|Any CPU
		{49857D4D-6687-4508-BFF4-8F2CCC763ABF}.Release|Any CPU.Build.0 = Release|Any CPU
		{77D17F74-912A-40D4-9A21-6257714B1E99}.Debug|Any CPU.ActiveCfg = Debug|Any CPU
		{77D17F74-912A-40D4-9A21-6257714B1E99}.Debug|Any CPU.Build.0 = Debug|Any CPU
		{77D17F74-912A-40D4-9A21-6257714B1E99}.Release|Any CPU.ActiveCfg = Release|Any CPU
		{77D17F74-912A-40D4-9A21-6257714B1E99}.Release|Any CPU.Build.0 = Release|Any CPU
		{3DBD578C-4BC1-400B-AE8D-BE00A11A0F77}.Debug|Any CPU.ActiveCfg = Debug|Any CPU
		{3DBD578C-4BC1-400B-AE8D-BE00A11A0F77}.Debug|Any CPU.Build.0 = Debug|Any CPU
		{3DBD578C-4BC1-400B-AE8D-BE00A11A0F77}.Release|Any CPU.ActiveCfg = Release|Any CPU
		{3DBD578C-4BC1-400B-AE8D-BE00A11A0F77}.Release|Any CPU.Build.0 = Release|Any CPU
		{DFF26272-885F-42D0-A088-B2454C729F81}.Debug|Any CPU.ActiveCfg = Debug|Any CPU
		{DFF26272-885F-42D0-A088-B2454C729F81}.Debug|Any CPU.Build.0 = Debug|Any CPU
		{DFF26272-885F-42D0-A088-B2454C729F81}.Release|Any CPU.ActiveCfg = Release|Any CPU
		{DFF26272-885F-42D0-A088-B2454C729F81}.Release|Any CPU.Build.0 = Release|Any CPU
	EndGlobalSection
	GlobalSection(SolutionProperties) = preSolution
		HideSolutionNode = FALSE
	EndGlobalSection
	GlobalSection(ExtensibilityGlobals) = postSolution
		SolutionGuid = {17B87783-819D-437C-B3E6-70396E5E7AF4}
	EndGlobalSection
EndGlobal
